
Microsoft Visual Studio Solution File, Format Version 12.00
# Visual Studio 14
VisualStudioVersion = 14.0.25420.1
MinimumVisualStudioVersion = 10.0.40219.1
Project("{FAE04EC0-301F-11D3-BF4B-00C04F79EFBC}") = "WebParser", "WebParser\WebParser.csproj", "{D74F48BE-9BCA-492B-9FA8-C0879500EB84}"
EndProject
Project("{FAE04EC0-301F-11D3-BF4B-00C04F79EFBC}") = "DAL", "DAL\DAL.csproj", "{3C0E077D-348C-4263-A552-53DE4D1ABE69}"
EndProject
Project("{FAE04EC0-301F-11D3-BF4B-00C04F79EFBC}") = "Api", "Api\Api.csproj", "{95DBFE2F-3C42-4225-99DB-25891207F5FA}"
EndProject
Project("{FAE04EC0-301F-11D3-BF4B-00C04F79EFBC}") = "UnitTests", "UnitTests\UnitTests.csproj", "{D39B8F93-4742-4AE0-A8DE-970C179FDF86}"
EndProject
Global
	GlobalSection(SolutionConfigurationPlatforms) = preSolution
		Debug|Any CPU = Debug|Any CPU
		Release|Any CPU = Release|Any CPU
	EndGlobalSection
	GlobalSection(ProjectConfigurationPlatforms) = postSolution
		{D74F48BE-9BCA-492B-9FA8-C0879500EB84}.Debug|Any CPU.ActiveCfg = Debug|Any CPU
		{D74F48BE-9BCA-492B-9FA8-C0879500EB84}.Debug|Any CPU.Build.0 = Debug|Any CPU
		{D74F48BE-9BCA-492B-9FA8-C0879500EB84}.Release|Any CPU.ActiveCfg = Release|Any CPU
		{D74F48BE-9BCA-492B-9FA8-C0879500EB84}.Release|Any CPU.Build.0 = Release|Any CPU
		{3C0E077D-348C-4263-A552-53DE4D1ABE69}.Debug|Any CPU.ActiveCfg = Debug|Any CPU
		{3C0E077D-348C-4263-A552-53DE4D1ABE69}.Debug|Any CPU.Build.0 = Debug|Any CPU
		{3C0E077D-348C-4263-A552-53DE4D1ABE69}.Release|Any CPU.ActiveCfg = Release|Any CPU
		{3C0E077D-348C-4263-A552-53DE4D1ABE69}.Release|Any CPU.Build.0 = Release|Any CPU
		{95DBFE2F-3C42-4225-99DB-25891207F5FA}.Debug|Any CPU.ActiveCfg = Debug|Any CPU
		{95DBFE2F-3C42-4225-99DB-25891207F5FA}.Debug|Any CPU.Build.0 = Debug|Any CPU
		{95DBFE2F-3C42-4225-99DB-25891207F5FA}.Release|Any CPU.ActiveCfg = Release|Any CPU
		{95DBFE2F-3C42-4225-99DB-25891207F5FA}.Release|Any CPU.Build.0 = Release|Any CPU
		{D39B8F93-4742-4AE0-A8DE-970C179FDF86}.Debug|Any CPU.ActiveCfg = Debug|Any CPU
		{D39B8F93-4742-4AE0-A8DE-970C179FDF86}.Debug|Any CPU.Build.0 = Debug|Any CPU
		{D39B8F93-4742-4AE0-A8DE-970C179FDF86}.Release|Any CPU.ActiveCfg = Release|Any CPU
		{D39B8F93-4742-4AE0-A8DE-970C179FDF86}.Release|Any CPU.Build.0 = Release|Any CPU
	EndGlobalSection
	GlobalSection(SolutionProperties) = preSolution
		HideSolutionNode = FALSE
	EndGlobalSection
EndGlobal
